
Microsoft Visual Studio Solution File, Format Version 12.00
# Visual Studio Version 17
VisualStudioVersion = 17.6.33815.320
MinimumVisualStudioVersion = 10.0.40219.1
Project("{9A19103F-16F7-4668-BE54-9A1E7A4F7556}") = "Server", "Overtime&Payroll\Server.csproj", "{0C000076-F2AA-41C9-8CF5-B0C7F52458C2}"
EndProject
Project("{FAE04EC0-301F-11D3-BF4B-00C04F79EFBC}") = "Client", "Client\Client.csproj", "{E83E47B0-7338-4C7F-9E54-48A22DD19822}"
EndProject
Global
	GlobalSection(SolutionConfigurationPlatforms) = preSolution
		Debug|Any CPU = Debug|Any CPU
		Release|Any CPU = Release|Any CPU
	EndGlobalSection
	GlobalSection(ProjectConfigurationPlatforms) = postSolution
		{0C000076-F2AA-41C9-8CF5-B0C7F52458C2}.Debug|Any CPU.ActiveCfg = Debug|Any CPU
		{0C000076-F2AA-41C9-8CF5-B0C7F52458C2}.Debug|Any CPU.Build.0 = Debug|Any CPU
		{0C000076-F2AA-41C9-8CF5-B0C7F52458C2}.Release|Any CPU.ActiveCfg = Release|Any CPU
		{0C000076-F2AA-41C9-8CF5-B0C7F52458C2}.Release|Any CPU.Build.0 = Release|Any CPU
		{E83E47B0-7338-4C7F-9E54-48A22DD19822}.Debug|Any CPU.ActiveCfg = Debug|Any CPU
		{E83E47B0-7338-4C7F-9E54-48A22DD19822}.Debug|Any CPU.Build.0 = Debug|Any CPU
		{E83E47B0-7338-4C7F-9E54-48A22DD19822}.Release|Any CPU.ActiveCfg = Release|Any CPU
		{E83E47B0-7338-4C7F-9E54-48A22DD19822}.Release|Any CPU.Build.0 = Release|Any CPU
	EndGlobalSection
	GlobalSection(SolutionProperties) = preSolution
		HideSolutionNode = FALSE
	EndGlobalSection
	GlobalSection(ExtensibilityGlobals) = postSolution
		SolutionGuid = {100BA179-B21C-479F-9E6F-C4361B381527}
	EndGlobalSection
EndGlobal
